// !$*UTF8*$!
{
	archiveVersion = 1;
	classes = {
	};
	objectVersion = 50;
	objects = {

/* Begin PBXBuildFile section */
		B4EC8AD320F48E75003E3588 /* AppDelegate.swift in Sources */ = {isa = PBXBuildFile; fileRef = B4EC8AD220F48E75003E3588 /* AppDelegate.swift */; };
		B4EC8AD520F48E75003E3588 /* ViewController.swift in Sources */ = {isa = PBXBuildFile; fileRef = B4EC8AD420F48E75003E3588 /* ViewController.swift */; };
		B4EC8AD820F48E75003E3588 /* Main.storyboard in Resources */ = {isa = PBXBuildFile; fileRef = B4EC8AD620F48E75003E3588 /* Main.storyboard */; };
		B4EC8ADA20F48E77003E3588 /* Assets.xcassets in Resources */ = {isa = PBXBuildFile; fileRef = B4EC8AD920F48E77003E3588 /* Assets.xcassets */; };
		B4EC8ADD20F48E77003E3588 /* LaunchScreen.storyboard in Resources */ = {isa = PBXBuildFile; fileRef = B4EC8ADB20F48E77003E3588 /* LaunchScreen.storyboard */; };
		B4EC8AE820F48E77003E3588 /* Tic_Tac_ToeTests.swift in Sources */ = {isa = PBXBuildFile; fileRef = B4EC8AE720F48E77003E3588 /* Tic_Tac_ToeTests.swift */; };
		B4EC8AF320F48E77003E3588 /* Tic_Tac_ToeUITests.swift in Sources */ = {isa = PBXBuildFile; fileRef = B4EC8AF220F48E77003E3588 /* Tic_Tac_ToeUITests.swift */; };
		B4EC8B0320F48F79003E3588 /* board.gif in Resources */ = {isa = PBXBuildFile; fileRef = B4EC8B0020F48F78003E3588 /* board.gif */; };
		B4EC8B0420F48F79003E3588 /* o.png in Resources */ = {isa = PBXBuildFile; fileRef = B4EC8B0120F48F78003E3588 /* o.png */; };
		B4EC8B0520F48F79003E3588 /* x.jpeg in Resources */ = {isa = PBXBuildFile; fileRef = B4EC8B0220F48F79003E3588 /* x.jpeg */; };
/* End PBXBuildFile section */

/* Begin PBXContainerItemProxy section */
		B4EC8AE420F48E77003E3588 /* PBXContainerItemProxy */ = {
			isa = PBXContainerItemProxy;
			containerPortal = B4EC8AC720F48E75003E3588 /* Project object */;
			proxyType = 1;
			remoteGlobalIDString = B4EC8ACE20F48E75003E3588;
			remoteInfo = "Tic Tac Toe";
		};
		B4EC8AEF20F48E77003E3588 /* PBXContainerItemProxy */ = {
			isa = PBXContainerItemProxy;
			containerPortal = B4EC8AC720F48E75003E3588 /* Project object */;
			proxyType = 1;
			remoteGlobalIDString = B4EC8ACE20F48E75003E3588;
			remoteInfo = "Tic Tac Toe";
		};
/* End PBXContainerItemProxy section */

/* Begin PBXFileReference section */
		B4EC8ACF20F48E75003E3588 /* Tic Tac Toe.app */ = {isa = PBXFileReference; explicitFileType = wrapper.application; includeInIndex = 0; path = "Tic Tac Toe.app"; sourceTree = BUILT_PRODUCTS_DIR; };
		B4EC8AD220F48E75003E3588 /* AppDelegate.swift */ = {isa = PBXFileReference; lastKnownFileType = sourcecode.swift; path = AppDelegate.swift; sourceTree = "<group>"; };
		B4EC8AD420F48E75003E3588 /* ViewController.swift */ = {isa = PBXFileReference; lastKnownFileType = sourcecode.swift; path = ViewController.swift; sourceTree = "<group>"; };
		B4EC8AD720F48E75003E3588 /* Base */ = {isa = PBXFileReference; lastKnownFileType = file.storyboard; name = Base; path = Base.lproj/Main.storyboard; sourceTree = "<group>"; };
		B4EC8AD920F48E77003E3588 /* Assets.xcassets */ = {isa = PBXFileReference; lastKnownFileType = folder.assetcatalog; path = Assets.xcassets; sourceTree = "<group>"; };
		B4EC8ADC20F48E77003E3588 /* Base */ = {isa = PBXFileReference; lastKnownFileType = file.storyboard; name = Base; path = Base.lproj/LaunchScreen.storyboard; sourceTree = "<group>"; };
		B4EC8ADE20F48E77003E3588 /* Info.plist */ = {isa = PBXFileReference; lastKnownFileType = text.plist.xml; path = Info.plist; sourceTree = "<group>"; };
		B4EC8AE320F48E77003E3588 /* Tic Tac ToeTests.xctest */ = {isa = PBXFileReference; explicitFileType = wrapper.cfbundle; includeInIndex = 0; path = "Tic Tac ToeTests.xctest"; sourceTree = BUILT_PRODUCTS_DIR; };
		B4EC8AE720F48E77003E3588 /* Tic_Tac_ToeTests.swift */ = {isa = PBXFileReference; lastKnownFileType = sourcecode.swift; path = Tic_Tac_ToeTests.swift; sourceTree = "<group>"; };
		B4EC8AE920F48E77003E3588 /* Info.plist */ = {isa = PBXFileReference; lastKnownFileType = text.plist.xml; path = Info.plist; sourceTree = "<group>"; };
		B4EC8AEE20F48E77003E3588 /* Tic Tac ToeUITests.xctest */ = {isa = PBXFileReference; explicitFileType = wrapper.cfbundle; includeInIndex = 0; path = "Tic Tac ToeUITests.xctest"; sourceTree = BUILT_PRODUCTS_DIR; };
		B4EC8AF220F48E77003E3588 /* Tic_Tac_ToeUITests.swift */ = {isa = PBXFileReference; lastKnownFileType = sourcecode.swift; path = Tic_Tac_ToeUITests.swift; sourceTree = "<group>"; };
		B4EC8AF420F48E77003E3588 /* Info.plist */ = {isa = PBXFileReference; lastKnownFileType = text.plist.xml; path = Info.plist; sourceTree = "<group>"; };
		B4EC8B0020F48F78003E3588 /* board.gif */ = {isa = PBXFileReference; lastKnownFileType = image.gif; path = board.gif; sourceTree = "<group>"; };
		B4EC8B0120F48F78003E3588 /* o.png */ = {isa = PBXFileReference; lastKnownFileType = image.png; path = o.png; sourceTree = "<group>"; };
		B4EC8B0220F48F79003E3588 /* x.jpeg */ = {isa = PBXFileReference; lastKnownFileType = image.jpeg; path = x.jpeg; sourceTree = "<group>"; };
/* End PBXFileReference section */

/* Begin PBXFrameworksBuildPhase section */
		B4EC8ACC20F48E75003E3588 /* Frameworks */ = {
			isa = PBXFrameworksBuildPhase;
			buildActionMask = 2147483647;
			files = (
			);
			runOnlyForDeploymentPostprocessing = 0;
		};
		B4EC8AE020F48E77003E3588 /* Frameworks */ = {
			isa = PBXFrameworksBuildPhase;
			buildActionMask = 2147483647;
			files = (
			);
			runOnlyForDeploymentPostprocessing = 0;
		};
		B4EC8AEB20F48E77003E3588 /* Frameworks */ = {
			isa = PBXFrameworksBuildPhase;
			buildActionMask = 2147483647;
			files = (
			);
			runOnlyForDeploymentPostprocessing = 0;
		};
/* End PBXFrameworksBuildPhase section */

/* Begin PBXGroup section */
		B4EC8AC620F48E75003E3588 = {
			isa = PBXGroup;
			children = (
				B4EC8AD120F48E75003E3588 /* Tic Tac Toe */,
				B4EC8AE620F48E77003E3588 /* Tic Tac ToeTests */,
				B4EC8AF120F48E77003E3588 /* Tic Tac ToeUITests */,
				B4EC8AD020F48E75003E3588 /* Products */,
			);
			sourceTree = "<group>";
		};
		B4EC8AD020F48E75003E3588 /* Products */ = {
			isa = PBXGroup;
			children = (
				B4EC8ACF20F48E75003E3588 /* Tic Tac Toe.app */,
				B4EC8AE320F48E77003E3588 /* Tic Tac ToeTests.xctest */,
				B4EC8AEE20F48E77003E3588 /* Tic Tac ToeUITests.xctest */,
			);
			name = Products;
			sourceTree = "<group>";
		};
		B4EC8AD120F48E75003E3588 /* Tic Tac Toe */ = {
			isa = PBXGroup;
			children = (
				B4EC8B0020F48F78003E3588 /* board.gif */,
				B4EC8B0120F48F78003E3588 /* o.png */,
				B4EC8B0220F48F79003E3588 /* x.jpeg */,
				B4EC8AD220F48E75003E3588 /* AppDelegate.swift */,
				B4EC8AD420F48E75003E3588 /* ViewController.swift */,
				B4EC8AD620F48E75003E3588 /* Main.storyboard */,
				B4EC8AD920F48E77003E3588 /* Assets.xcassets */,
				B4EC8ADB20F48E77003E3588 /* LaunchScreen.storyboard */,
				B4EC8ADE20F48E77003E3588 /* Info.plist */,
			);
			path = "Tic Tac Toe";
			sourceTree = "<group>";
		};
		B4EC8AE620F48E77003E3588 /* Tic Tac ToeTests */ = {
			isa = PBXGroup;
			children = (
				B4EC8AE720F48E77003E3588 /* Tic_Tac_ToeTests.swift */,
				B4EC8AE920F48E77003E3588 /* Info.plist */,
			);
			path = "Tic Tac ToeTests";
			sourceTree = "<group>";
		};
		B4EC8AF120F48E77003E3588 /* Tic Tac ToeUITests */ = {
			isa = PBXGroup;
			children = (
				B4EC8AF220F48E77003E3588 /* Tic_Tac_ToeUITests.swift */,
				B4EC8AF420F48E77003E3588 /* Info.plist */,
			);
			path = "Tic Tac ToeUITests";
			sourceTree = "<group>";
		};
/* End PBXGroup section */

/* Begin PBXNativeTarget section */
		B4EC8ACE20F48E75003E3588 /* Tic Tac Toe */ = {
			isa = PBXNativeTarget;
			buildConfigurationList = B4EC8AF720F48E77003E3588 /* Build configuration list for PBXNativeTarget "Tic Tac Toe" */;
			buildPhases = (
				B4EC8ACB20F48E75003E3588 /* Sources */,
				B4EC8ACC20F48E75003E3588 /* Frameworks */,
				B4EC8ACD20F48E75003E3588 /* Resources */,
			);
			buildRules = (
			);
			dependencies = (
			);
			name = "Tic Tac Toe";
			productName = "Tic Tac Toe";
			productReference = B4EC8ACF20F48E75003E3588 /* Tic Tac Toe.app */;
			productType = "com.apple.product-type.application";
		};
		B4EC8AE220F48E77003E3588 /* Tic Tac ToeTests */ = {
			isa = PBXNativeTarget;
			buildConfigurationList = B4EC8AFA20F48E77003E3588 /* Build configuration list for PBXNativeTarget "Tic Tac ToeTests" */;
			buildPhases = (
				B4EC8ADF20F48E77003E3588 /* Sources */,
				B4EC8AE020F48E77003E3588 /* Frameworks */,
				B4EC8AE120F48E77003E3588 /* Resources */,
			);
			buildRules = (
			);
			dependencies = (
				B4EC8AE520F48E77003E3588 /* PBXTargetDependency */,
			);
			name = "Tic Tac ToeTests";
			productName = "Tic Tac ToeTests";
			productReference = B4EC8AE320F48E77003E3588 /* Tic Tac ToeTests.xctest */;
			productType = "com.apple.product-type.bundle.unit-test";
		};
		B4EC8AED20F48E77003E3588 /* Tic Tac ToeUITests */ = {
			isa = PBXNativeTarget;
			buildConfigurationList = B4EC8AFD20F48E77003E3588 /* Build configuration list for PBXNativeTarget "Tic Tac ToeUITests" */;
			buildPhases = (
				B4EC8AEA20F48E77003E3588 /* Sources */,
				B4EC8AEB20F48E77003E3588 /* Frameworks */,
				B4EC8AEC20F48E77003E3588 /* Resources */,
			);
			buildRules = (
			);
			dependencies = (
				B4EC8AF020F48E77003E3588 /* PBXTargetDependency */,
			);
			name = "Tic Tac ToeUITests";
			productName = "Tic Tac ToeUITests";
			productReference = B4EC8AEE20F48E77003E3588 /* Tic Tac ToeUITests.xctest */;
			productType = "com.apple.product-type.bundle.ui-testing";
		};
/* End PBXNativeTarget section */

/* Begin PBXProject section */
		B4EC8AC720F48E75003E3588 /* Project object */ = {
			isa = PBXProject;
			attributes = {
				LastSwiftUpdateCheck = 0940;
				LastUpgradeCheck = 0940;
				ORGANIZATIONNAME = "Andi Aljabar Mudding";
				TargetAttributes = {
					B4EC8ACE20F48E75003E3588 = {
						CreatedOnToolsVersion = 9.4.1;
					};
					B4EC8AE220F48E77003E3588 = {
						CreatedOnToolsVersion = 9.4.1;
						TestTargetID = B4EC8ACE20F48E75003E3588;
					};
					B4EC8AED20F48E77003E3588 = {
						CreatedOnToolsVersion = 9.4.1;
						TestTargetID = B4EC8ACE20F48E75003E3588;
					};
				};
			};
			buildConfigurationList = B4EC8ACA20F48E75003E3588 /* Build configuration list for PBXProject "Tic Tac Toe" */;
			compatibilityVersion = "Xcode 9.3";
			developmentRegion = en;
			hasScannedForEncodings = 0;
			knownRegions = (
				en,
				Base,
			);
			mainGroup = B4EC8AC620F48E75003E3588;
			productRefGroup = B4EC8AD020F48E75003E3588 /* Products */;
			projectDirPath = "";
			projectRoot = "";
			targets = (
				B4EC8ACE20F48E75003E3588 /* Tic Tac Toe */,
				B4EC8AE220F48E77003E3588 /* Tic Tac ToeTests */,
				B4EC8AED20F48E77003E3588 /* Tic Tac ToeUITests */,
			);
		};
/* End PBXProject section */

/* Begin PBXResourcesBuildPhase section */
		B4EC8ACD20F48E75003E3588 /* Resources */ = {
			isa = PBXResourcesBuildPhase;
			buildActionMask = 2147483647;
			files = (
				B4EC8B0520F48F79003E3588 /* x.jpeg in Resources */,
				B4EC8B0420F48F79003E3588 /* o.png in Resources */,
				B4EC8ADD20F48E77003E3588 /* LaunchScreen.storyboard in Resources */,
				B4EC8B0320F48F79003E3588 /* board.gif in Resources */,
				B4EC8ADA20F48E77003E3588 /* Assets.xcassets in Resources */,
				B4EC8AD820F48E75003E3588 /* Main.storyboard in Resources */,
			);
			runOnlyForDeploymentPostprocessing = 0;
		};
		B4EC8AE120F48E77003E3588 /* Resources */ = {
			isa = PBXResourcesBuildPhase;
			buildActionMask = 2147483647;
			files = (
			);
			runOnlyForDeploymentPostprocessing = 0;
		};
		B4EC8AEC20F48E77003E3588 /* Resources */ = {
			isa = PBXResourcesBuildPhase;
			buildActionMask = 2147483647;
			files = (
			);
			runOnlyForDeploymentPostprocessing = 0;
		};
/* End PBXResourcesBuildPhase section */

/* Begin PBXSourcesBuildPhase section */
		B4EC8ACB20F48E75003E3588 /* Sources */ = {
			isa = PBXSourcesBuildPhase;
			buildActionMask = 2147483647;
			files = (
				B4EC8AD520F48E75003E3588 /* ViewController.swift in Sources */,
				B4EC8AD320F48E75003E3588 /* AppDelegate.swift in Sources */,
			);
			runOnlyForDeploymentPostprocessing = 0;
		};
		B4EC8ADF20F48E77003E3588 /* Sources */ = {
			isa = PBXSourcesBuildPhase;
			buildActionMask = 2147483647;
			files = (
				B4EC8AE820F48E77003E3588 /* Tic_Tac_ToeTests.swift in Sources */,
			);
			runOnlyForDeploymentPostprocessing = 0;
		};
		B4EC8AEA20F48E77003E3588 /* Sources */ = {
			isa = PBXSourcesBuildPhase;
			buildActionMask = 2147483647;
			files = (
				B4EC8AF320F48E77003E3588 /* Tic_Tac_ToeUITests.swift in Sources */,
			);
			runOnlyForDeploymentPostprocessing = 0;
		};
/* End PBXSourcesBuildPhase section */

/* Begin PBXTargetDependency section */
		B4EC8AE520F48E77003E3588 /* PBXTargetDependency */ = {
			isa = PBXTargetDependency;
			target = B4EC8ACE20F48E75003E3588 /* Tic Tac Toe */;
			targetProxy = B4EC8AE420F48E77003E3588 /* PBXContainerItemProxy */;
		};
		B4EC8AF020F48E77003E3588 /* PBXTargetDependency */ = {
			isa = PBXTargetDependency;
			target = B4EC8ACE20F48E75003E3588 /* Tic Tac Toe */;
			targetProxy = B4EC8AEF20F48E77003E3588 /* PBXContainerItemProxy */;
		};
/* End PBXTargetDependency section */

/* Begin PBXVariantGroup section */
		B4EC8AD620F48E75003E3588 /* Main.storyboard */ = {
			isa = PBXVariantGroup;
			children = (
				B4EC8AD720F48E75003E3588 /* Base */,
			);
			name = Main.storyboard;
			sourceTree = "<group>";
		};
		B4EC8ADB20F48E77003E3588 /* LaunchScreen.storyboard */ = {
			isa = PBXVariantGroup;
			children = (
				B4EC8ADC20F48E77003E3588 /* Base */,
			);
			name = LaunchScreen.storyboard;
			sourceTree = "<group>";
		};
/* End PBXVariantGroup section */

/* Begin XCBuildConfiguration section */
		B4EC8AF520F48E77003E3588 /* Debug */ = {
			isa = XCBuildConfiguration;
			buildSettings = {
				ALWAYS_SEARCH_USER_PATHS = NO;
				CLANG_ANALYZER_NONNULL = YES;
				CLANG_ANALYZER_NUMBER_OBJECT_CONVERSION = YES_AGGRESSIVE;
				CLANG_CXX_LANGUAGE_STANDARD = "gnu++14";
				CLANG_CXX_LIBRARY = "libc++";
				CLANG_ENABLE_MODULES = YES;
				CLANG_ENABLE_OBJC_ARC = YES;
				CLANG_ENABLE_OBJC_WEAK = YES;
				CLANG_WARN_BLOCK_CAPTURE_AUTORELEASING = YES;
				CLANG_WARN_BOOL_CONVERSION = YES;
				CLANG_WARN_COMMA = YES;
				CLANG_WARN_CONSTANT_CONVERSION = YES;
				CLANG_WARN_DEPRECATED_OBJC_IMPLEMENTATIONS = YES;
				CLANG_WARN_DIRECT_OBJC_ISA_USAGE = YES_ERROR;
				CLANG_WARN_DOCUMENTATION_COMMENTS = YES;
				CLANG_WARN_EMPTY_BODY = YES;
				CLANG_WARN_ENUM_CONVERSION = YES;
				CLANG_WARN_INFINITE_RECURSION = YES;
				CLANG_WARN_INT_CONVERSION = YES;
				CLANG_WARN_NON_LITERAL_NULL_CONVERSION = YES;
				CLANG_WARN_OBJC_IMPLICIT_RETAIN_SELF = YES;
				CLANG_WARN_OBJC_LITERAL_CONVERSION = YES;
				CLANG_WARN_OBJC_ROOT_CLASS = YES_ERROR;
				CLANG_WARN_RANGE_LOOP_ANALYSIS = YES;
				CLANG_WARN_STRICT_PROTOTYPES = YES;
				CLANG_WARN_SUSPICIOUS_MOVE = YES;
				CLANG_WARN_UNGUARDED_AVAILABILITY = YES_AGGRESSIVE;
				CLANG_WARN_UNREACHABLE_CODE = YES;
				CLANG_WARN__DUPLICATE_METHOD_MATCH = YES;
				CODE_SIGN_IDENTITY = "iPhone Developer";
				COPY_PHASE_STRIP = NO;
				DEBUG_INFORMATION_FORMAT = dwarf;
				ENABLE_STRICT_OBJC_MSGSEND = YES;
				ENABLE_TESTABILITY = YES;
				GCC_C_LANGUAGE_STANDARD = gnu11;
				GCC_DYNAMIC_NO_PIC = NO;
				GCC_NO_COMMON_BLOCKS = YES;
				GCC_OPTIMIZATION_LEVEL = 0;
				GCC_PREPROCESSOR_DEFINITIONS = (
					"DEBUG=1",
					"$(inherited)",
				);
				GCC_WARN_64_TO_32_BIT_CONVERSION = YES;
				GCC_WARN_ABOUT_RETURN_TYPE = YES_ERROR;
				GCC_WARN_UNDECLARED_SELECTOR = YES;
				GCC_WARN_UNINITIALIZED_AUTOS = YES_AGGRESSIVE;
				GCC_WARN_UNUSED_FUNCTION = YES;
				GCC_WARN_UNUSED_VARIABLE = YES;
				IPHONEOS_DEPLOYMENT_TARGET = 11.4;
				MTL_ENABLE_DEBUG_INFO = YES;
				ONLY_ACTIVE_ARCH = YES;
				SDKROOT = iphoneos;
				SWIFT_ACTIVE_COMPILATION_CONDITIONS = DEBUG;
				SWIFT_OPTIMIZATION_LEVEL = "-Onone";
			};
			name = Debug;
		};
		B4EC8AF620F48E77003E3588 /* Release */ = {
			isa = XCBuildConfiguration;
			buildSettings = {
				ALWAYS_SEARCH_USER_PATHS = NO;
				CLANG_ANALYZER_NONNULL = YES;
				CLANG_ANALYZER_NUMBER_OBJECT_CONVERSION = YES_AGGRESSIVE;
				CLANG_CXX_LANGUAGE_STANDARD = "gnu++14";
				CLANG_CXX_LIBRARY = "libc++";
				CLANG_ENABLE_MODULES = YES;
				CLANG_ENABLE_OBJC_ARC = YES;
				CLANG_ENABLE_OBJC_WEAK = YES;
				CLANG_WARN_BLOCK_CAPTURE_AUTORELEASING = YES;
				CLANG_WARN_BOOL_CONVERSION = YES;
				CLANG_WARN_COMMA = YES;
				CLANG_WARN_CONSTANT_CONVERSION = YES;
				CLANG_WARN_DEPRECATED_OBJC_IMPLEMENTATIONS = YES;
				CLANG_WARN_DIRECT_OBJC_ISA_USAGE = YES_ERROR;
				CLANG_WARN_DOCUMENTATION_COMMENTS = YES;
				CLANG_WARN_EMPTY_BODY = YES;
				CLANG_WARN_ENUM_CONVERSION = YES;
				CLANG_WARN_INFINITE_RECURSION = YES;
				CLANG_WARN_INT_CONVERSION = YES;
				CLANG_WARN_NON_LITERAL_NULL_CONVERSION = YES;
				CLANG_WARN_OBJC_IMPLICIT_RETAIN_SELF = YES;
				CLANG_WARN_OBJC_LITERAL_CONVERSION = YES;
				CLANG_WARN_OBJC_ROOT_CLASS = YES_ERROR;
				CLANG_WARN_RANGE_LOOP_ANALYSIS = YES;
				CLANG_WARN_STRICT_PROTOTYPES = YES;
				CLANG_WARN_SUSPICIOUS_MOVE = YES;
				CLANG_WARN_UNGUARDED_AVAILABILITY = YES_AGGRESSIVE;
				CLANG_WARN_UNREACHABLE_CODE = YES;
				CLANG_WARN__DUPLICATE_METHOD_MATCH = YES;
				CODE_SIGN_IDENTITY = "iPhone Developer";
				COPY_PHASE_STRIP = NO;
				DEBUG_INFORMATION_FORMAT = "dwarf-with-dsym";
				ENABLE_NS_ASSERTIONS = NO;
				ENABLE_STRICT_OBJC_MSGSEND = YES;
				GCC_C_LANGUAGE_STANDARD = gnu11;
				GCC_NO_COMMON_BLOCKS = YES;
				GCC_WARN_64_TO_32_BIT_CONVERSION = YES;
				GCC_WARN_ABOUT_RETURN_TYPE = YES_ERROR;
				GCC_WARN_UNDECLARED_SELECTOR = YES;
				GCC_WARN_UNINITIALIZED_AUTOS = YES_AGGRESSIVE;
				GCC_WARN_UNUSED_FUNCTION = YES;
				GCC_WARN_UNUSED_VARIABLE = YES;
				IPHONEOS_DEPLOYMENT_TARGET = 11.4;
				MTL_ENABLE_DEBUG_INFO = NO;
				SDKROOT = iphoneos;
				SWIFT_COMPILATION_MODE = wholemodule;
				SWIFT_OPTIMIZATION_LEVEL = "-O";
				VALIDATE_PRODUCT = YES;
			};
			name = Release;
		};
		B4EC8AF820F48E77003E3588 /* Debug */ = {
			isa = XCBuildConfiguration;
			buildSettings = {
				ASSETCATALOG_COMPILER_APPICON_NAME = AppIcon;
				CODE_SIGN_STYLE = Automatic;
				INFOPLIST_FILE = "Tic Tac Toe/Info.plist";
				LD_RUNPATH_SEARCH_PATHS = (
					"$(inherited)",
					"@executable_path/Frameworks",
				);
				PRODUCT_BUNDLE_IDENTIFIER = "com.example.Tic-Tac-Toe";
				PRODUCT_NAME = "$(TARGET_NAME)";
				SWIFT_VERSION = 4.0;
				TARGETED_DEVICE_FAMILY = "1,2";
			};
			name = Debug;
		};
		B4EC8AF920F48E77003E3588 /* Release */ = {
			isa = XCBuildConfiguration;
			buildSettings = {
				ASSETCATALOG_COMPILER_APPICON_NAME = AppIcon;
				CODE_SIGN_STYLE = Automatic;
				INFOPLIST_FILE = "Tic Tac Toe/Info.plist";
				LD_RUNPATH_SEARCH_PATHS = (
					"$(inherited)",
					"@executable_path/Frameworks",
				);
				PRODUCT_BUNDLE_IDENTIFIER = "com.example.Tic-Tac-Toe";
				PRODUCT_NAME = "$(TARGET_NAME)";
				SWIFT_VERSION = 4.0;
				TARGETED_DEVICE_FAMILY = "1,2";
			};
			name = Release;
		};
		B4EC8AFB20F48E77003E3588 /* Debug */ = {
			isa = XCBuildConfiguration;
			buildSettings = {
				ALWAYS_EMBED_SWIFT_STANDARD_LIBRARIES = YES;
				BUNDLE_LOADER = "$(TEST_HOST)";
				CODE_SIGN_STYLE = Automatic;
				INFOPLIST_FILE = "Tic Tac ToeTests/Info.plist";
				LD_RUNPATH_SEARCH_PATHS = (
					"$(inherited)",
					"@executable_path/Frameworks",
					"@loader_path/Frameworks",
				);
				PRODUCT_BUNDLE_IDENTIFIER = "com.example.Tic-Tac-ToeTests";
				PRODUCT_NAME = "$(TARGET_NAME)";
				SWIFT_VERSION = 4.0;
				TARGETED_DEVICE_FAMILY = "1,2";
				TEST_HOST = "$(BUILT_PRODUCTS_DIR)/Tic Tac Toe.app/Tic Tac Toe";
			};
			name = Debug;
		};
		B4EC8AFC20F48E77003E3588 /* Release */ = {
			isa = XCBuildConfiguration;
			buildSettings = {
				ALWAYS_EMBED_SWIFT_STANDARD_LIBRARIES = YES;
				BUNDLE_LOADER = "$(TEST_HOST)";
				CODE_SIGN_STYLE = Automatic;
				INFOPLIST_FILE = "Tic Tac ToeTests/Info.plist";
				LD_RUNPATH_SEARCH_PATHS = (
					"$(inherited)",
					"@executable_path/Frameworks",
					"@loader_path/Frameworks",
				);
				PRODUCT_BUNDLE_IDENTIFIER = "com.example.Tic-Tac-ToeTests";
				PRODUCT_NAME = "$(TARGET_NAME)";
				SWIFT_VERSION = 4.0;
				TARGETED_DEVICE_FAMILY = "1,2";
				TEST_HOST = "$(BUILT_PRODUCTS_DIR)/Tic Tac Toe.app/Tic Tac Toe";
			};
			name = Release;
		};
		B4EC8AFE20F48E77003E3588 /* Debug */ = {
			isa = XCBuildConfiguration;
			buildSettings = {
				ALWAYS_EMBED_SWIFT_STANDARD_LIBRARIES = YES;
				CODE_SIGN_STYLE = Automatic;
				INFOPLIST_FILE = "Tic Tac ToeUITests/Info.plist";
				LD_RUNPATH_SEARCH_PATHS = (
					"$(inherited)",
					"@executable_path/Frameworks",
					"@loader_path/Frameworks",
				);
				PRODUCT_BUNDLE_IDENTIFIER = "com.example.Tic-Tac-ToeUITests";
				PRODUCT_NAME = "$(TARGET_NAME)";
				SWIFT_VERSION = 4.0;
				TARGETED_DEVICE_FAMILY = "1,2";
				TEST_TARGET_NAME = "Tic Tac Toe";
			};
			name = Debug;
		};
		B4EC8AFF20F48E77003E3588 /* Release */ = {
			isa = XCBuildConfiguration;
			buildSettings = {
				ALWAYS_EMBED_SWIFT_STANDARD_LIBRARIES = YES;
				CODE_SIGN_STYLE = Automatic;
				INFOPLIST_FILE = "Tic Tac ToeUITests/Info.plist";
				LD_RUNPATH_SEARCH_PATHS = (
					"$(inherited)",
					"@executable_path/Frameworks",
					"@loader_path/Frameworks",
				);
				PRODUCT_BUNDLE_IDENTIFIER = "com.example.Tic-Tac-ToeUITests";
				PRODUCT_NAME = "$(TARGET_NAME)";
				SWIFT_VERSION = 4.0;
				TARGETED_DEVICE_FAMILY = "1,2";
				TEST_TARGET_NAME = "Tic Tac Toe";
			};
			name = Release;
		};
/* End XCBuildConfiguration section */

/* Begin XCConfigurationList section */
		B4EC8ACA20F48E75003E3588 /* Build configuration list for PBXProject "Tic Tac Toe" */ = {
			isa = XCConfigurationList;
			buildConfigurations = (
				B4EC8AF520F48E77003E3588 /* Debug */,
				B4EC8AF620F48E77003E3588 /* Release */,
			);
			defaultConfigurationIsVisible = 0;
			defaultConfigurationName = Release;
		};
		B4EC8AF720F48E77003E3588 /* Build configuration list for PBXNativeTarget "Tic Tac Toe" */ = {
			isa = XCConfigurationList;
			buildConfigurations = (
				B4EC8AF820F48E77003E3588 /* Debug */,
				B4EC8AF920F48E77003E3588 /* Release */,
			);
			defaultConfigurationIsVisible = 0;
			defaultConfigurationName = Release;
		};
		B4EC8AFA20F48E77003E3588 /* Build configuration list for PBXNativeTarget "Tic Tac ToeTests" */ = {
			isa = XCConfigurationList;
			buildConfigurations = (
				B4EC8AFB20F48E77003E3588 /* Debug */,
				B4EC8AFC20F48E77003E3588 /* Release */,
			);
			defaultConfigurationIsVisible = 0;
			defaultConfigurationName = Release;
		};
		B4EC8AFD20F48E77003E3588 /* Build configuration list for PBXNativeTarget "Tic Tac ToeUITests" */ = {
			isa = XCConfigurationList;
			buildConfigurations = (
				B4EC8AFE20F48E77003E3588 /* Debug */,
				B4EC8AFF20F48E77003E3588 /* Release */,
			);
			defaultConfigurationIsVisible = 0;
			defaultConfigurationName = Release;
		};
/* End XCConfigurationList section */
	};
	rootObject = B4EC8AC720F48E75003E3588 /* Project object */;
}
